# Generated by pub
# See https://dart.dev/tools/pub/glossary#lockfile
packages:
  darto:
    dependency: "direct main"
    description:
      path: "../../darto"
      relative: true
    source: path
    version: "0.1.0"
  darto_env:
    dependency: "direct main"
    description:
      path: "../../darto_env"
      relative: true
    source: path
    version: "0.1.0"
  lints:
    dependency: "direct dev"
    description:
      name: lints
      sha256: "3315600f3fb3b135be672bf4a178c55f274bebe368325ae18462c89ac1e3b413"
      url: "https://pub.dev"
    source: hosted
    version: "5.0.0"
  mime:
    dependency: transitive
    description:
      name: mime
      sha256: "41a20518f0cb1256669420fdba0cd90d21561e560ac240f26ef8322e45bb7ed6"
      url: "https://pub.dev"
    source: hosted
    version: "2.0.0"
sdks:
  dart: ">=3.5.0 <4.0.0"
